
Microsoft Visual Studio Solution File, Format Version 12.00
# Visual Studio Version 17
VisualStudioVersion = 17.7.34024.191
MinimumVisualStudioVersion = 10.0.40219.1
Project("{FAE04EC0-301F-11D3-BF4B-00C04F79EFBC}") = "RobotLibrary", "RobotLibrary.csproj", "{477D8355-E40F-4983-9310-53F68ADB7328}"
EndProject
Project("{FAE04EC0-301F-11D3-BF4B-00C04F79EFBC}") = "RobotApp", "..\RobotApp\RobotApp.csproj", "{7F25E82B-8606-4A1C-BFD3-C3AD7CB203ED}"
EndProject
Global
	GlobalSection(SolutionConfigurationPlatforms) = preSolution
		Debug|Any CPU = Debug|Any CPU
		Release|Any CPU = Release|Any CPU
	EndGlobalSection
	GlobalSection(ProjectConfigurationPlatforms) = postSolution
		{477D8355-E40F-4983-9310-53F68ADB7328}.Debug|Any CPU.ActiveCfg = Debug|Any CPU
		{477D8355-E40F-4983-9310-53F68ADB7328}.Debug|Any CPU.Build.0 = Debug|Any CPU
		{477D8355-E40F-4983-9310-53F68ADB7328}.Release|Any CPU.ActiveCfg = Release|Any CPU
		{477D8355-E40F-4983-9310-53F68ADB7328}.Release|Any CPU.Build.0 = Release|Any CPU
		{7F25E82B-8606-4A1C-BFD3-C3AD7CB203ED}.Debug|Any CPU.ActiveCfg = Debug|Any CPU
		{7F25E82B-8606-4A1C-BFD3-C3AD7CB203ED}.Debug|Any CPU.Build.0 = Debug|Any CPU
		{7F25E82B-8606-4A1C-BFD3-C3AD7CB203ED}.Release|Any CPU.ActiveCfg = Release|Any CPU
		{7F25E82B-8606-4A1C-BFD3-C3AD7CB203ED}.Release|Any CPU.Build.0 = Release|Any CPU
	EndGlobalSection
	GlobalSection(SolutionProperties) = preSolution
		HideSolutionNode = FALSE
	EndGlobalSection
	GlobalSection(ExtensibilityGlobals) = postSolution
		SolutionGuid = {73652300-8F56-49FC-9F22-F9ADD9ABA40A}
	EndGlobalSection
EndGlobal
